
Microsoft Visual Studio Solution File, Format Version 12.00
# Visual Studio Version 17
VisualStudioVersion = 17.9.34607.119
MinimumVisualStudioVersion = 10.0.40219.1
Project("{FAE04EC0-301F-11D3-BF4B-00C04F79EFBC}") = "CSharp008", "CSharp008\CSharp008.csproj", "{03A454AC-DC11-4AE1-835D-D2247D2A0828}"
EndProject
Global
	GlobalSection(SolutionConfigurationPlatforms) = preSolution
		Debug|Any CPU = Debug|Any CPU
		Release|Any CPU = Release|Any CPU
	EndGlobalSection
	GlobalSection(ProjectConfigurationPlatforms) = postSolution
		{03A454AC-DC11-4AE1-835D-D2247D2A0828}.Debug|Any CPU.ActiveCfg = Debug|Any CPU
		{03A454AC-DC11-4AE1-835D-D2247D2A0828}.Debug|Any CPU.Build.0 = Debug|Any CPU
		{03A454AC-DC11-4AE1-835D-D2247D2A0828}.Release|Any CPU.ActiveCfg = Release|Any CPU
		{03A454AC-DC11-4AE1-835D-D2247D2A0828}.Release|Any CPU.Build.0 = Release|Any CPU
	EndGlobalSection
	GlobalSection(SolutionProperties) = preSolution
		HideSolutionNode = FALSE
	EndGlobalSection
	GlobalSection(ExtensibilityGlobals) = postSolution
		SolutionGuid = {5845F91E-04D8-452A-9A0B-580F83FCC048}
	EndGlobalSection
EndGlobal
